
Microsoft Visual Studio Solution File, Format Version 12.00
# Visual Studio 2012
Project("{FAE04EC0-301F-11D3-BF4B-00C04F79EFBC}") = "OpenRA.Mods.D2", "OpenRA.Mods.D2\OpenRA.Mods.D2.csproj", "{3B845E07-4689-47BC-90F4-27217B0A2DF6}"
EndProject
Project("{FAE04EC0-301F-11D3-BF4B-00C04F79EFBC}") = "OpenRA.Game", "engine\OpenRA.Game\OpenRA.Game.csproj", "{0DFB103F-2962-400F-8C6D-E2C28CCBA633}"
EndProject
Project("{FAE04EC0-301F-11D3-BF4B-00C04F79EFBC}") = "OpenRA.Mods.Common", "engine\OpenRA.Mods.Common\OpenRA.Mods.Common.csproj", "{FE6C8CC0-2F07-442A-B29F-17617B3B7FC6}"
EndProject
Project("{2150E333-8FDC-42A3-9474-1A3956D46DE8}") = "Dune 2 Lua scripts", "Dune 2 Lua scripts", "{B35D533F-BEB6-4674-A466-324EEFD97259}"
	ProjectSection(SolutionItems) = preProject
		mods\d2\maps\scena001\scena001.lua = mods\d2\maps\scena001\scena001.lua
	EndProjectSection
EndProject
Global
	GlobalSection(SolutionConfigurationPlatforms) = preSolution
		Debug|x86 = Debug|x86
		Release|x86 = Release|x86
	EndGlobalSection
	GlobalSection(ProjectConfigurationPlatforms) = postSolution
		{3B845E07-4689-47BC-90F4-27217B0A2DF6}.Debug|x86.ActiveCfg = Debug|x86
		{3B845E07-4689-47BC-90F4-27217B0A2DF6}.Debug|x86.Build.0 = Debug|x86
		{3B845E07-4689-47BC-90F4-27217B0A2DF6}.Release|x86.ActiveCfg = Release|x86
		{3B845E07-4689-47BC-90F4-27217B0A2DF6}.Release|x86.Build.0 = Release|x86
		{0DFB103F-2962-400F-8C6D-E2C28CCBA633}.Debug|x86.ActiveCfg = Debug|x86
		{0DFB103F-2962-400F-8C6D-E2C28CCBA633}.Debug|x86.Build.0 = Debug|x86
		{0DFB103F-2962-400F-8C6D-E2C28CCBA633}.Release|x86.ActiveCfg = Release|x86
		{0DFB103F-2962-400F-8C6D-E2C28CCBA633}.Release|x86.Build.0 = Release|x86
		{FE6C8CC0-2F07-442A-B29F-17617B3B7FC6}.Debug|x86.ActiveCfg = Debug|x86
		{FE6C8CC0-2F07-442A-B29F-17617B3B7FC6}.Debug|x86.Build.0 = Debug|x86
		{FE6C8CC0-2F07-442A-B29F-17617B3B7FC6}.Release|x86.ActiveCfg = Release|x86
		{FE6C8CC0-2F07-442A-B29F-17617B3B7FC6}.Release|x86.Build.0 = Release|x86
	EndGlobalSection
EndGlobal
