Microsoft Visual Studio Solution File, Format Version 12.00
# Visual Studio 15
VisualStudioVersion = 15.0.28307.539
MinimumVisualStudioVersion = 10.0.40219.1
Project("{9A19103F-16F7-4668-BE54-9A1E7A4F7556}") = "OpenRA.Mods.D2", "OpenRA.Mods.D2\OpenRA.Mods.D2.csproj", "{3B845E07-4689-47BC-90F4-27217B0A2DF6}"
EndProject
Project("{9A19103F-16F7-4668-BE54-9A1E7A4F7556}") = "OpenRA.Game", "engine\OpenRA.Game\OpenRA.Game.csproj", "{0DFB103F-2962-400F-8C6D-E2C28CCBA633}"
EndProject
Project("{9A19103F-16F7-4668-BE54-9A1E7A4F7556}") = "OpenRA.Mods.Common", "engine\OpenRA.Mods.Common\OpenRA.Mods.Common.csproj", "{FE6C8CC0-2F07-442A-B29F-17617B3B7FC6}"
EndProject
Project("{2150E333-8FDC-42A3-9474-1A3956D46DE8}") = "Dune 2 Lua scripts", "Dune 2 Lua scripts", "{B35D533F-BEB6-4674-A466-324EEFD97259}"
	ProjectSection(SolutionItems) = preProject
		mods\d2\maps\scena001\scena001.lua = mods\d2\maps\scena001\scena001.lua
		mods\d2\maps\scena002\scena002-AI.lua = mods\d2\maps\scena002\scena002-AI.lua
		mods\d2\maps\scena002\scena002.lua = mods\d2\maps\scena002\scena002.lua
	EndProjectSection
EndProject
Global
	GlobalSection(SolutionConfigurationPlatforms) = preSolution
		Debug|x64 = Debug|x64
		Debug|x86 = Debug|x86
		Release|x64 = Release|x64
		Release|x86 = Release|x86
	EndGlobalSection
	GlobalSection(ProjectConfigurationPlatforms) = postSolution
		{3B845E07-4689-47BC-90F4-27217B0A2DF6}.Debug|x64.ActiveCfg = Debug|Any CPU
		{3B845E07-4689-47BC-90F4-27217B0A2DF6}.Debug|x64.Build.0 = Debug|Any CPU
		{3B845E07-4689-47BC-90F4-27217B0A2DF6}.Debug|x86.ActiveCfg = Debug|Any CPU
		{3B845E07-4689-47BC-90F4-27217B0A2DF6}.Debug|x86.Build.0 = Debug|Any CPU
		{3B845E07-4689-47BC-90F4-27217B0A2DF6}.Release|x64.ActiveCfg = Release|Any CPU
		{3B845E07-4689-47BC-90F4-27217B0A2DF6}.Release|x64.Build.0 = Release|Any CPU
		{3B845E07-4689-47BC-90F4-27217B0A2DF6}.Release|x86.ActiveCfg = Release|Any CPU
		{3B845E07-4689-47BC-90F4-27217B0A2DF6}.Release|x86.Build.0 = Release|Any CPU
		{0DFB103F-2962-400F-8C6D-E2C28CCBA633}.Debug|x64.ActiveCfg = Debug|Any CPU
		{0DFB103F-2962-400F-8C6D-E2C28CCBA633}.Debug|x64.Build.0 = Debug|Any CPU
		{0DFB103F-2962-400F-8C6D-E2C28CCBA633}.Debug|x86.ActiveCfg = Debug|Any CPU
		{0DFB103F-2962-400F-8C6D-E2C28CCBA633}.Debug|x86.Build.0 = Debug|Any CPU
		{0DFB103F-2962-400F-8C6D-E2C28CCBA633}.Release|x64.ActiveCfg = Release|Any CPU
		{0DFB103F-2962-400F-8C6D-E2C28CCBA633}.Release|x64.Build.0 = Release|Any CPU
		{0DFB103F-2962-400F-8C6D-E2C28CCBA633}.Release|x86.ActiveCfg = Release|Any CPU
		{0DFB103F-2962-400F-8C6D-E2C28CCBA633}.Release|x86.Build.0 = Release|Any CPU
		{FE6C8CC0-2F07-442A-B29F-17617B3B7FC6}.Debug|x64.ActiveCfg = Debug|Any CPU
		{FE6C8CC0-2F07-442A-B29F-17617B3B7FC6}.Debug|x64.Build.0 = Debug|Any CPU
		{FE6C8CC0-2F07-442A-B29F-17617B3B7FC6}.Debug|x86.ActiveCfg = Debug|Any CPU
		{FE6C8CC0-2F07-442A-B29F-17617B3B7FC6}.Debug|x86.Build.0 = Debug|Any CPU
		{FE6C8CC0-2F07-442A-B29F-17617B3B7FC6}.Release|x64.ActiveCfg = Release|Any CPU
		{FE6C8CC0-2F07-442A-B29F-17617B3B7FC6}.Release|x64.Build.0 = Release|Any CPU
		{FE6C8CC0-2F07-442A-B29F-17617B3B7FC6}.Release|x86.ActiveCfg = Release|Any CPU
		{FE6C8CC0-2F07-442A-B29F-17617B3B7FC6}.Release|x86.Build.0 = Release|Any CPU
	EndGlobalSection
	GlobalSection(SolutionProperties) = preSolution
		HideSolutionNode = FALSE
	EndGlobalSection
	GlobalSection(ExtensibilityGlobals) = postSolution
		SolutionGuid = {6AE199B6-DCE0-42CF-B020-A9C3A861AFB5}
	EndGlobalSection
EndGlobal
